// !$*UTF8*$!
{
	archiveVersion = 1;
	classes = {
	};
	objectVersion = 50;
	objects = {

/* Begin PBXBuildFile section */
		03CE77842376B60900429CB3 /* AppDelegate.swift in Sources */ = {isa = PBXBuildFile; fileRef = 03CE77832376B60900429CB3 /* AppDelegate.swift */; };
		03CE77862376B60900429CB3 /* SceneDelegate.swift in Sources */ = {isa = PBXBuildFile; fileRef = 03CE77852376B60900429CB3 /* SceneDelegate.swift */; };
		03CE77882376B60900429CB3 /* ContentView.swift in Sources */ = {isa = PBXBuildFile; fileRef = 03CE77872376B60900429CB3 /* ContentView.swift */; };
		03CE778A2376B60B00429CB3 /* Assets.xcassets in Resources */ = {isa = PBXBuildFile; fileRef = 03CE77892376B60B00429CB3 /* Assets.xcassets */; };
		03CE778D2376B60B00429CB3 /* Preview Assets.xcassets in Resources */ = {isa = PBXBuildFile; fileRef = 03CE778C2376B60B00429CB3 /* Preview Assets.xcassets */; };
		03CE77902376B60B00429CB3 /* LaunchScreen.storyboard in Resources */ = {isa = PBXBuildFile; fileRef = 03CE778E2376B60B00429CB3 /* LaunchScreen.storyboard */; };
		03CE77982376C0AC00429CB3 /* LandmarkImage.swift in Sources */ = {isa = PBXBuildFile; fileRef = 03CE77972376C0AC00429CB3 /* LandmarkImage.swift */; };
		03CE779A2376C41C00429CB3 /* LandmarkMap.swift in Sources */ = {isa = PBXBuildFile; fileRef = 03CE77992376C41C00429CB3 /* LandmarkMap.swift */; };
/* End PBXBuildFile section */

/* Begin PBXFileReference section */
		03CE77802376B60900429CB3 /* Landmark - Abuja.app */ = {isa = PBXFileReference; explicitFileType = wrapper.application; includeInIndex = 0; path = "Landmark - Abuja.app"; sourceTree = BUILT_PRODUCTS_DIR; };
		03CE77832376B60900429CB3 /* AppDelegate.swift */ = {isa = PBXFileReference; lastKnownFileType = sourcecode.swift; path = AppDelegate.swift; sourceTree = "<group>"; };
		03CE77852376B60900429CB3 /* SceneDelegate.swift */ = {isa = PBXFileReference; lastKnownFileType = sourcecode.swift; path = SceneDelegate.swift; sourceTree = "<group>"; };
		03CE77872376B60900429CB3 /* ContentView.swift */ = {isa = PBXFileReference; lastKnownFileType = sourcecode.swift; path = ContentView.swift; sourceTree = "<group>"; };
		03CE77892376B60B00429CB3 /* Assets.xcassets */ = {isa = PBXFileReference; lastKnownFileType = folder.assetcatalog; path = Assets.xcassets; sourceTree = "<group>"; };
		03CE778C2376B60B00429CB3 /* Preview Assets.xcassets */ = {isa = PBXFileReference; lastKnownFileType = folder.assetcatalog; path = "Preview Assets.xcassets"; sourceTree = "<group>"; };
		03CE778F2376B60B00429CB3 /* Base */ = {isa = PBXFileReference; lastKnownFileType = file.storyboard; name = Base; path = Base.lproj/LaunchScreen.storyboard; sourceTree = "<group>"; };
		03CE77912376B60B00429CB3 /* Info.plist */ = {isa = PBXFileReference; lastKnownFileType = text.plist.xml; path = Info.plist; sourceTree = "<group>"; };
		03CE77972376C0AC00429CB3 /* LandmarkImage.swift */ = {isa = PBXFileReference; lastKnownFileType = sourcecode.swift; path = LandmarkImage.swift; sourceTree = "<group>"; };
		03CE77992376C41C00429CB3 /* LandmarkMap.swift */ = {isa = PBXFileReference; lastKnownFileType = sourcecode.swift; path = LandmarkMap.swift; sourceTree = "<group>"; };
/* End PBXFileReference section */

/* Begin PBXFrameworksBuildPhase section */
		03CE777D2376B60900429CB3 /* Frameworks */ = {
			isa = PBXFrameworksBuildPhase;
			buildActionMask = 2147483647;
			files = (
			);
			runOnlyForDeploymentPostprocessing = 0;
		};
/* End PBXFrameworksBuildPhase section */

/* Begin PBXGroup section */
		03CE77772376B60900429CB3 = {
			isa = PBXGroup;
			children = (
				03CE77822376B60900429CB3 /* Landmark - Abuja */,
				03CE77812376B60900429CB3 /* Products */,
			);
			sourceTree = "<group>";
		};
		03CE77812376B60900429CB3 /* Products */ = {
			isa = PBXGroup;
			children = (
				03CE77802376B60900429CB3 /* Landmark - Abuja.app */,
			);
			name = Products;
			sourceTree = "<group>";
		};
		03CE77822376B60900429CB3 /* Landmark - Abuja */ = {
			isa = PBXGroup;
			children = (
				03CE77832376B60900429CB3 /* AppDelegate.swift */,
				03CE77852376B60900429CB3 /* SceneDelegate.swift */,
				03CE77872376B60900429CB3 /* ContentView.swift */,
				03CE77972376C0AC00429CB3 /* LandmarkImage.swift */,
				03CE77992376C41C00429CB3 /* LandmarkMap.swift */,
				03CE77892376B60B00429CB3 /* Assets.xcassets */,
				03CE778E2376B60B00429CB3 /* LaunchScreen.storyboard */,
				03CE77912376B60B00429CB3 /* Info.plist */,
				03CE778B2376B60B00429CB3 /* Preview Content */,
			);
			path = "Landmark - Abuja";
			sourceTree = "<group>";
		};
		03CE778B2376B60B00429CB3 /* Preview Content */ = {
			isa = PBXGroup;
			children = (
				03CE778C2376B60B00429CB3 /* Preview Assets.xcassets */,
			);
			path = "Preview Content";
			sourceTree = "<group>";
		};
/* End PBXGroup section */

/* Begin PBXNativeTarget section */
		03CE777F2376B60900429CB3 /* Landmark - Abuja */ = {
			isa = PBXNativeTarget;
			buildConfigurationList = 03CE77942376B60B00429CB3 /* Build configuration list for PBXNativeTarget "Landmark - Abuja" */;
			buildPhases = (
				03CE777C2376B60900429CB3 /* Sources */,
				03CE777D2376B60900429CB3 /* Frameworks */,
				03CE777E2376B60900429CB3 /* Resources */,
			);
			buildRules = (
			);
			dependencies = (
			);
			name = "Landmark - Abuja";
			productName = "Landmark - Abuja";
			productReference = 03CE77802376B60900429CB3 /* Landmark - Abuja.app */;
			productType = "com.apple.product-type.application";
		};
/* End PBXNativeTarget section */

/* Begin PBXProject section */
		03CE77782376B60900429CB3 /* Project object */ = {
			isa = PBXProject;
			attributes = {
				LastSwiftUpdateCheck = 1120;
				LastUpgradeCheck = 1120;
				ORGANIZATIONNAME = "Ufuoma Okoro";
				TargetAttributes = {
					03CE777F2376B60900429CB3 = {
						CreatedOnToolsVersion = 11.2;
					};
				};
			};
			buildConfigurationList = 03CE777B2376B60900429CB3 /* Build configuration list for PBXProject "Landmark - Abuja" */;
			compatibilityVersion = "Xcode 9.3";
			developmentRegion = en;
			hasScannedForEncodings = 0;
			knownRegions = (
				en,
				Base,
			);
			mainGroup = 03CE77772376B60900429CB3;
			productRefGroup = 03CE77812376B60900429CB3 /* Products */;
			projectDirPath = "";
			projectRoot = "";
			targets = (
				03CE777F2376B60900429CB3 /* Landmark - Abuja */,
			);
		};
/* End PBXProject section */

/* Begin PBXResourcesBuildPhase section */
		03CE777E2376B60900429CB3 /* Resources */ = {
			isa = PBXResourcesBuildPhase;
			buildActionMask = 2147483647;
			files = (
				03CE77902376B60B00429CB3 /* LaunchScreen.storyboard in Resources */,
				03CE778D2376B60B00429CB3 /* Preview Assets.xcassets in Resources */,
				03CE778A2376B60B00429CB3 /* Assets.xcassets in Resources */,
			);
			runOnlyForDeploymentPostprocessing = 0;
		};
/* End PBXResourcesBuildPhase section */

/* Begin PBXSourcesBuildPhase section */
		03CE777C2376B60900429CB3 /* Sources */ = {
			isa = PBXSourcesBuildPhase;
			buildActionMask = 2147483647;
			files = (
				03CE77842376B60900429CB3 /* AppDelegate.swift in Sources */,
				03CE77862376B60900429CB3 /* SceneDelegate.swift in Sources */,
				03CE77882376B60900429CB3 /* ContentView.swift in Sources */,
				03CE77982376C0AC00429CB3 /* LandmarkImage.swift in Sources */,
				03CE779A2376C41C00429CB3 /* LandmarkMap.swift in Sources */,
			);
			runOnlyForDeploymentPostprocessing = 0;
		};
/* End PBXSourcesBuildPhase section */

/* Begin PBXVariantGroup section */
		03CE778E2376B60B00429CB3 /* LaunchScreen.storyboard */ = {
			isa = PBXVariantGroup;
			children = (
				03CE778F2376B60B00429CB3 /* Base */,
			);
			name = LaunchScreen.storyboard;
			sourceTree = "<group>";
		};
/* End PBXVariantGroup section */

/* Begin XCBuildConfiguration section */
		03CE77922376B60B00429CB3 /* Debug */ = {
			isa = XCBuildConfiguration;
			buildSettings = {
				ALWAYS_SEARCH_USER_PATHS = NO;
				CLANG_ANALYZER_NONNULL = YES;
				CLANG_ANALYZER_NUMBER_OBJECT_CONVERSION = YES_AGGRESSIVE;
				CLANG_CXX_LANGUAGE_STANDARD = "gnu++14";
				CLANG_CXX_LIBRARY = "libc++";
				CLANG_ENABLE_MODULES = YES;
				CLANG_ENABLE_OBJC_ARC = YES;
				CLANG_ENABLE_OBJC_WEAK = YES;
				CLANG_WARN_BLOCK_CAPTURE_AUTORELEASING = YES;
				CLANG_WARN_BOOL_CONVERSION = YES;
				CLANG_WARN_COMMA = YES;
				CLANG_WARN_CONSTANT_CONVERSION = YES;
				CLANG_WARN_DEPRECATED_OBJC_IMPLEMENTATIONS = YES;
				CLANG_WARN_DIRECT_OBJC_ISA_USAGE = YES_ERROR;
				CLANG_WARN_DOCUMENTATION_COMMENTS = YES;
				CLANG_WARN_EMPTY_BODY = YES;
				CLANG_WARN_ENUM_CONVERSION = YES;
				CLANG_WARN_INFINITE_RECURSION = YES;
				CLANG_WARN_INT_CONVERSION = YES;
				CLANG_WARN_NON_LITERAL_NULL_CONVERSION = YES;
				CLANG_WARN_OBJC_IMPLICIT_RETAIN_SELF = YES;
				CLANG_WARN_OBJC_LITERAL_CONVERSION = YES;
				CLANG_WARN_OBJC_ROOT_CLASS = YES_ERROR;
				CLANG_WARN_RANGE_LOOP_ANALYSIS = YES;
				CLANG_WARN_STRICT_PROTOTYPES = YES;
				CLANG_WARN_SUSPICIOUS_MOVE = YES;
				CLANG_WARN_UNGUARDED_AVAILABILITY = YES_AGGRESSIVE;
				CLANG_WARN_UNREACHABLE_CODE = YES;
				CLANG_WARN__DUPLICATE_METHOD_MATCH = YES;
				COPY_PHASE_STRIP = NO;
				DEBUG_INFORMATION_FORMAT = dwarf;
				ENABLE_STRICT_OBJC_MSGSEND = YES;
				ENABLE_TESTABILITY = YES;
				GCC_C_LANGUAGE_STANDARD = gnu11;
				GCC_DYNAMIC_NO_PIC = NO;
				GCC_NO_COMMON_BLOCKS = YES;
				GCC_OPTIMIZATION_LEVEL = 0;
				GCC_PREPROCESSOR_DEFINITIONS = (
					"DEBUG=1",
					"$(inherited)",
				);
				GCC_WARN_64_TO_32_BIT_CONVERSION = YES;
				GCC_WARN_ABOUT_RETURN_TYPE = YES_ERROR;
				GCC_WARN_UNDECLARED_SELECTOR = YES;
				GCC_WARN_UNINITIALIZED_AUTOS = YES_AGGRESSIVE;
				GCC_WARN_UNUSED_FUNCTION = YES;
				GCC_WARN_UNUSED_VARIABLE = YES;
				IPHONEOS_DEPLOYMENT_TARGET = 13.2;
				MTL_ENABLE_DEBUG_INFO = INCLUDE_SOURCE;
				MTL_FAST_MATH = YES;
				ONLY_ACTIVE_ARCH = YES;
				SDKROOT = iphoneos;
				SWIFT_ACTIVE_COMPILATION_CONDITIONS = DEBUG;
				SWIFT_OPTIMIZATION_LEVEL = "-Onone";
			};
			name = Debug;
		};
		03CE77932376B60B00429CB3 /* Release */ = {
			isa = XCBuildConfiguration;
			buildSettings = {
				ALWAYS_SEARCH_USER_PATHS = NO;
				CLANG_ANALYZER_NONNULL = YES;
				CLANG_ANALYZER_NUMBER_OBJECT_CONVERSION = YES_AGGRESSIVE;
				CLANG_CXX_LANGUAGE_STANDARD = "gnu++14";
				CLANG_CXX_LIBRARY = "libc++";
				CLANG_ENABLE_MODULES = YES;
				CLANG_ENABLE_OBJC_ARC = YES;
				CLANG_ENABLE_OBJC_WEAK = YES;
				CLANG_WARN_BLOCK_CAPTURE_AUTORELEASING = YES;
				CLANG_WARN_BOOL_CONVERSION = YES;
				CLANG_WARN_COMMA = YES;
				CLANG_WARN_CONSTANT_CONVERSION = YES;
				CLANG_WARN_DEPRECATED_OBJC_IMPLEMENTATIONS = YES;
				CLANG_WARN_DIRECT_OBJC_ISA_USAGE = YES_ERROR;
				CLANG_WARN_DOCUMENTATION_COMMENTS = YES;
				CLANG_WARN_EMPTY_BODY = YES;
				CLANG_WARN_ENUM_CONVERSION = YES;
				CLANG_WARN_INFINITE_RECURSION = YES;
				CLANG_WARN_INT_CONVERSION = YES;
				CLANG_WARN_NON_LITERAL_NULL_CONVERSION = YES;
				CLANG_WARN_OBJC_IMPLICIT_RETAIN_SELF = YES;
				CLANG_WARN_OBJC_LITERAL_CONVERSION = YES;
				CLANG_WARN_OBJC_ROOT_CLASS = YES_ERROR;
				CLANG_WARN_RANGE_LOOP_ANALYSIS = YES;
				CLANG_WARN_STRICT_PROTOTYPES = YES;
				CLANG_WARN_SUSPICIOUS_MOVE = YES;
				CLANG_WARN_UNGUARDED_AVAILABILITY = YES_AGGRESSIVE;
				CLANG_WARN_UNREACHABLE_CODE = YES;
				CLANG_WARN__DUPLICATE_METHOD_MATCH = YES;
				COPY_PHASE_STRIP = NO;
				DEBUG_INFORMATION_FORMAT = "dwarf-with-dsym";
				ENABLE_NS_ASSERTIONS = NO;
				ENABLE_STRICT_OBJC_MSGSEND = YES;
				GCC_C_LANGUAGE_STANDARD = gnu11;
				GCC_NO_COMMON_BLOCKS = YES;
				GCC_WARN_64_TO_32_BIT_CONVERSION = YES;
				GCC_WARN_ABOUT_RETURN_TYPE = YES_ERROR;
				GCC_WARN_UNDECLARED_SELECTOR = YES;
				GCC_WARN_UNINITIALIZED_AUTOS = YES_AGGRESSIVE;
				GCC_WARN_UNUSED_FUNCTION = YES;
				GCC_WARN_UNUSED_VARIABLE = YES;
				IPHONEOS_DEPLOYMENT_TARGET = 13.2;
				MTL_ENABLE_DEBUG_INFO = NO;
				MTL_FAST_MATH = YES;
				SDKROOT = iphoneos;
				SWIFT_COMPILATION_MODE = wholemodule;
				SWIFT_OPTIMIZATION_LEVEL = "-O";
				VALIDATE_PRODUCT = YES;
			};
			name = Release;
		};
		03CE77952376B60B00429CB3 /* Debug */ = {
			isa = XCBuildConfiguration;
			buildSettings = {
				ASSETCATALOG_COMPILER_APPICON_NAME = AppIcon;
				CODE_SIGN_STYLE = Automatic;
				DEVELOPMENT_ASSET_PATHS = "\"Landmark - Abuja/Preview Content\"";
				ENABLE_PREVIEWS = YES;
				INFOPLIST_FILE = "Landmark - Abuja/Info.plist";
				LD_RUNPATH_SEARCH_PATHS = (
					"$(inherited)",
					"@executable_path/Frameworks",
				);
				PRODUCT_BUNDLE_IDENTIFIER = "ufookoro-me.com.Landmark---Abuja";
				PRODUCT_NAME = "$(TARGET_NAME)";
				SWIFT_VERSION = 5.0;
				TARGETED_DEVICE_FAMILY = "1,2";
			};
			name = Debug;
		};
		03CE77962376B60B00429CB3 /* Release */ = {
			isa = XCBuildConfiguration;
			buildSettings = {
				ASSETCATALOG_COMPILER_APPICON_NAME = AppIcon;
				CODE_SIGN_STYLE = Automatic;
				DEVELOPMENT_ASSET_PATHS = "\"Landmark - Abuja/Preview Content\"";
				ENABLE_PREVIEWS = YES;
				INFOPLIST_FILE = "Landmark - Abuja/Info.plist";
				LD_RUNPATH_SEARCH_PATHS = (
					"$(inherited)",
					"@executable_path/Frameworks",
				);
				PRODUCT_BUNDLE_IDENTIFIER = "ufookoro-me.com.Landmark---Abuja";
				PRODUCT_NAME = "$(TARGET_NAME)";
				SWIFT_VERSION = 5.0;
				TARGETED_DEVICE_FAMILY = "1,2";
			};
			name = Release;
		};
/* End XCBuildConfiguration section */

/* Begin XCConfigurationList section */
		03CE777B2376B60900429CB3 /* Build configuration list for PBXProject "Landmark - Abuja" */ = {
			isa = XCConfigurationList;
			buildConfigurations = (
				03CE77922376B60B00429CB3 /* Debug */,
				03CE77932376B60B00429CB3 /* Release */,
			);
			defaultConfigurationIsVisible = 0;
			defaultConfigurationName = Release;
		};
		03CE77942376B60B00429CB3 /* Build configuration list for PBXNativeTarget "Landmark - Abuja" */ = {
			isa = XCConfigurationList;
			buildConfigurations = (
				03CE77952376B60B00429CB3 /* Debug */,
				03CE77962376B60B00429CB3 /* Release */,
			);
			defaultConfigurationIsVisible = 0;
			defaultConfigurationName = Release;
		};
/* End XCConfigurationList section */
	};
	rootObject = 03CE77782376B60900429CB3 /* Project object */;
}
